{
  "name": "PORTFOLIO SITE",
  "lockfileVersion": 3,
  "requires": true,
  "packages": {
    "": {
      "dependencies": {
        "lightbox": "^0.5.0",
        "lightbox2": "^2.11.5",
        "typed.js": "^2.1.0"
      }
    },
    "node_modules/lightbox": {
      "version": "0.5.0",
      "resolved": "https://registry.npmjs.org/lightbox/-/lightbox-0.5.0.tgz",
      "integrity": "sha512-BB6XoNgq+icookOeXt5BVVpEwSxslacmlrBlhsr4PpoahVOBo/lVGShyIl5nlGQ/aMFOC6ULNRUwwtjTJDE/SA=="
    },
    "node_modules/lightbox2": {
      "version": "2.11.5",
      "resolved": "https://registry.npmjs.org/lightbox2/-/lightbox2-2.11.5.tgz",
      "integrity": "sha512-IsDqv/D9pjgh7GvwTNvmHF98+nrIcOD17fraXgtx8ivq469y95l5ycLi6SeZAZHdeyD3cGLjYwbDX8SRfWx5fA=="
    },
    "node_modules/typed.js": {
      "version": "2.1.0",
      "resolved": "https://registry.npmjs.org/typed.js/-/typed.js-2.1.0.tgz",
      "integrity": "sha512-bDuXEf7YcaKN4g08NMTUM6G90XU25CK3bh6U0THC/Mod/QPKlEt9g/EjvbYB8x2Qwr2p6J6I3NrsoYaVnY6wsQ=="
    }
  }
}
